
Microsoft Visual Studio Solution File, Format Version 12.00
Project("{2150E333-8FDC-42A3-9474-1A3956D46DE8}") = "Application", "Application", "{2966EB3C-CDC1-4DA2-82B8-6C8CAD9A61DD}"
EndProject
Project("{2150E333-8FDC-42A3-9474-1A3956D46DE8}") = "Domain", "Domain", "{9780364A-11C2-4763-84EB-6822D40B2C2C}"
EndProject
Project("{2150E333-8FDC-42A3-9474-1A3956D46DE8}") = "Infrastructure", "Infrastructure", "{13E2128D-F285-4793-B44B-1D4CA0BD10D4}"
EndProject
Project("{2150E333-8FDC-42A3-9474-1A3956D46DE8}") = "Persistence", "Persistence", "{7A6E8A16-9A25-4FAE-89E3-93D723D40790}"
EndProject
Project("{FAE04EC0-301F-11D3-BF4B-00C04F79EFBC}") = "CQRSAndMediator.Api", "CQRSAndMediator.Api\CQRSAndMediator.Api.csproj", "{620AA821-2CD9-4692-8678-DF5AB25506B2}"
EndProject
Project("{FAE04EC0-301F-11D3-BF4B-00C04F79EFBC}") = "CQRSAndMediator.Application", "CQRSAndMediator.Application\CQRSAndMediator.Application.csproj", "{31CD687B-8EB4-4E1B-A189-B714F6C68FC5}"
EndProject
Project("{FAE04EC0-301F-11D3-BF4B-00C04F79EFBC}") = "CQRSAndMediator.Test", "CQRSAndMediator.Test\CQRSAndMediator.Test.csproj", "{CA4CA47D-49E5-4E2D-BC54-C6A1AEDF0BFF}"
EndProject
Project("{FAE04EC0-301F-11D3-BF4B-00C04F79EFBC}") = "CQRSAndMediator.Domain", "CQRSAndMediator.Domain\CQRSAndMediator.Domain.csproj", "{CEA5126C-1E79-4037-9203-FE44210E1BA3}"
EndProject
Project("{FAE04EC0-301F-11D3-BF4B-00C04F79EFBC}") = "CQRSAndMediator.Infrastructure", "CQRSAndMediator.Infrastructure\CQRSAndMediator.Infrastructure.csproj", "{09FC1F0F-1979-4401-8BFD-7FD289A3C077}"
EndProject
Project("{FAE04EC0-301F-11D3-BF4B-00C04F79EFBC}") = "CQRSAndMediator.Infrastructure.Test", "CQRSAndMediator.Infrastructure.Test\CQRSAndMediator.Infrastructure.Test.csproj", "{F24EB719-7A8B-494E-8F7B-6741BCC43E49}"
EndProject
Project("{FAE04EC0-301F-11D3-BF4B-00C04F79EFBC}") = "CQRSAndMediator.Persistence.Sql", "CQRSAndMediator.Persistence.Sql\CQRSAndMediator.Persistence.Sql.csproj", "{5C5748E1-1136-4324-8459-62D2B9653245}"
EndProject
Global
	GlobalSection(SolutionConfigurationPlatforms) = preSolution
		Debug|Any CPU = Debug|Any CPU
		Release|Any CPU = Release|Any CPU
	EndGlobalSection
	GlobalSection(ProjectConfigurationPlatforms) = postSolution
		{620AA821-2CD9-4692-8678-DF5AB25506B2}.Debug|Any CPU.ActiveCfg = Debug|Any CPU
		{620AA821-2CD9-4692-8678-DF5AB25506B2}.Debug|Any CPU.Build.0 = Debug|Any CPU
		{620AA821-2CD9-4692-8678-DF5AB25506B2}.Release|Any CPU.ActiveCfg = Release|Any CPU
		{620AA821-2CD9-4692-8678-DF5AB25506B2}.Release|Any CPU.Build.0 = Release|Any CPU
		{31CD687B-8EB4-4E1B-A189-B714F6C68FC5}.Debug|Any CPU.ActiveCfg = Debug|Any CPU
		{31CD687B-8EB4-4E1B-A189-B714F6C68FC5}.Debug|Any CPU.Build.0 = Debug|Any CPU
		{31CD687B-8EB4-4E1B-A189-B714F6C68FC5}.Release|Any CPU.ActiveCfg = Release|Any CPU
		{31CD687B-8EB4-4E1B-A189-B714F6C68FC5}.Release|Any CPU.Build.0 = Release|Any CPU
		{CA4CA47D-49E5-4E2D-BC54-C6A1AEDF0BFF}.Debug|Any CPU.ActiveCfg = Debug|Any CPU
		{CA4CA47D-49E5-4E2D-BC54-C6A1AEDF0BFF}.Debug|Any CPU.Build.0 = Debug|Any CPU
		{CA4CA47D-49E5-4E2D-BC54-C6A1AEDF0BFF}.Release|Any CPU.ActiveCfg = Release|Any CPU
		{CA4CA47D-49E5-4E2D-BC54-C6A1AEDF0BFF}.Release|Any CPU.Build.0 = Release|Any CPU
		{CEA5126C-1E79-4037-9203-FE44210E1BA3}.Debug|Any CPU.ActiveCfg = Debug|Any CPU
		{CEA5126C-1E79-4037-9203-FE44210E1BA3}.Debug|Any CPU.Build.0 = Debug|Any CPU
		{CEA5126C-1E79-4037-9203-FE44210E1BA3}.Release|Any CPU.ActiveCfg = Release|Any CPU
		{CEA5126C-1E79-4037-9203-FE44210E1BA3}.Release|Any CPU.Build.0 = Release|Any CPU
		{09FC1F0F-1979-4401-8BFD-7FD289A3C077}.Debug|Any CPU.ActiveCfg = Debug|Any CPU
		{09FC1F0F-1979-4401-8BFD-7FD289A3C077}.Debug|Any CPU.Build.0 = Debug|Any CPU
		{09FC1F0F-1979-4401-8BFD-7FD289A3C077}.Release|Any CPU.ActiveCfg = Release|Any CPU
		{09FC1F0F-1979-4401-8BFD-7FD289A3C077}.Release|Any CPU.Build.0 = Release|Any CPU
		{F24EB719-7A8B-494E-8F7B-6741BCC43E49}.Debug|Any CPU.ActiveCfg = Debug|Any CPU
		{F24EB719-7A8B-494E-8F7B-6741BCC43E49}.Debug|Any CPU.Build.0 = Debug|Any CPU
		{F24EB719-7A8B-494E-8F7B-6741BCC43E49}.Release|Any CPU.ActiveCfg = Release|Any CPU
		{F24EB719-7A8B-494E-8F7B-6741BCC43E49}.Release|Any CPU.Build.0 = Release|Any CPU
		{5C5748E1-1136-4324-8459-62D2B9653245}.Debug|Any CPU.ActiveCfg = Debug|Any CPU
		{5C5748E1-1136-4324-8459-62D2B9653245}.Debug|Any CPU.Build.0 = Debug|Any CPU
		{5C5748E1-1136-4324-8459-62D2B9653245}.Release|Any CPU.ActiveCfg = Release|Any CPU
		{5C5748E1-1136-4324-8459-62D2B9653245}.Release|Any CPU.Build.0 = Release|Any CPU
	EndGlobalSection
	GlobalSection(NestedProjects) = preSolution
		{620AA821-2CD9-4692-8678-DF5AB25506B2} = {2966EB3C-CDC1-4DA2-82B8-6C8CAD9A61DD}
		{31CD687B-8EB4-4E1B-A189-B714F6C68FC5} = {2966EB3C-CDC1-4DA2-82B8-6C8CAD9A61DD}
		{CA4CA47D-49E5-4E2D-BC54-C6A1AEDF0BFF} = {2966EB3C-CDC1-4DA2-82B8-6C8CAD9A61DD}
		{CEA5126C-1E79-4037-9203-FE44210E1BA3} = {9780364A-11C2-4763-84EB-6822D40B2C2C}
		{09FC1F0F-1979-4401-8BFD-7FD289A3C077} = {13E2128D-F285-4793-B44B-1D4CA0BD10D4}
		{F24EB719-7A8B-494E-8F7B-6741BCC43E49} = {13E2128D-F285-4793-B44B-1D4CA0BD10D4}
		{5C5748E1-1136-4324-8459-62D2B9653245} = {7A6E8A16-9A25-4FAE-89E3-93D723D40790}
	EndGlobalSection
EndGlobal
